PODS:
  - AFNetworking (3.2.1):
    - AFNetworking/NSURLSession (= 3.2.1)
    - AFNetworking/Reachability (= 3.2.1)
    - AFNetworking/Security (= 3.2.1)
    - AFNetworking/Serialization (= 3.2.1)
    - AFNetworking/UIKit (= 3.2.1)
  - AFNetworking/NSURLSession (3.2.1):
    - AFNetworking/Reachability
    - AFNetworking/Security
    - AFNetworking/Serialization
  - AFNetworking/Reachability (3.2.1)
  - AFNetworking/Security (3.2.1)
  - AFNetworking/Serialization (3.2.1)
  - AFNetworking/UIKit (3.2.1):
    - AFNetworking/NSURLSession
  - BBCodeParser (0.1.2)
  - BBCodeString (0.2.2):
    - BBCodeParser (~> 0.1.2)
  - BlocksKit (2.2.5):
    - BlocksKit/All (= 2.2.5)
  - BlocksKit/All (2.2.5):
    - BlocksKit/Core
    - BlocksKit/DynamicDelegate
    - BlocksKit/MessageUI
    - BlocksKit/UIKit
  - BlocksKit/Core (2.2.5)
  - BlocksKit/DynamicDelegate (2.2.5)
  - BlocksKit/MessageUI (2.2.5):
    - BlocksKit/Core
    - BlocksKit/DynamicDelegate
  - BlocksKit/UIKit (2.2.5):
    - BlocksKit/Core
    - BlocksKit/DynamicDelegate
  - BulletinBoard (4.0.0)
  - Down (0.8.6)
  - KSPhotoBrowser (0.3.0):
    - SDWebImage (~> 5.0)
  - libwebp (1.0.3):
    - libwebp/demux (= 1.0.3)
    - libwebp/mux (= 1.0.3)
    - libwebp/webp (= 1.0.3)
  - libwebp/demux (1.0.3):
    - libwebp/webp
  - libwebp/mux (1.0.3):
    - libwebp/demux
  - libwebp/webp (1.0.3)
  - Masonry (1.1.0)
  - MBProgressHUD (1.1.0)
  - MJExtension (3.1.0)
  - SDWebImage (5.1.0):
    - SDWebImage/Core (= 5.1.0)
  - SDWebImage/Core (5.1.0)
  - SDWebImageWebPCoder (0.2.5):
    - libwebp (~> 1.0)
    - SDWebImage/Core (~> 5.0)
  - YLProgressBar (3.11.0)
  - YYCache (1.0.4)
  - YYImage (1.0.4):
    - YYImage/Core (= 1.0.4)
  - YYImage/Core (1.0.4)
  - YYText (1.0.7)

DEPENDENCIES:
  - AFNetworking
  - BBCodeString
  - BlocksKit
  - BulletinBoard
  - Down
  - KSPhotoBrowser
  - Masonry
  - MBProgressHUD
  - MJExtension
  - SDWebImage
  - SDWebImageWebPCoder
  - YLProgressBar
  - YYCache
  - YYImage
  - YYText

SPEC REPOS:
  https://github.com/CocoaPods/Specs.git:
    - AFNetworking
    - BBCodeParser
    - BBCodeString
    - BlocksKit
    - BulletinBoard
    - Down
    - KSPhotoBrowser
    - libwebp
    - Masonry
    - MBProgressHUD
    - MJExtension
    - SDWebImage
    - SDWebImageWebPCoder
    - YLProgressBar
    - YYCache
    - YYImage
    - YYText

SPEC CHECKSUMS:
  AFNetworking: b6f891fdfaed196b46c7a83cf209e09697b94057
  BBCodeParser: 5c78c6a75d8eae5a4cff8cdb77375bffee5df490
  BBCodeString: 99b9be81dbbb9f9dad8515a5f10d14b255b5cb2c
  BlocksKit: 7f422b971407001178d181a43b99014ea2591fe6
  BulletinBoard: 2e312814ff70f3af364a6dda3857a801f6d2adb6
  Down: 3c758f2388fa739663023f400e742a988fa1e21d
  KSPhotoBrowser: 556fc4c4880e04a87b5990ab13cdc08d8478d40e
  libwebp: 057912d6d0abfb6357d8bb05c0ea470301f5d61e
  Masonry: 678fab65091a9290e40e2832a55e7ab731aad201
  MBProgressHUD: e7baa36a220447d8aeb12769bf0585582f3866d9
  MJExtension: 6b69b3bef2864fd550ce1a184eda219e321209d2
  SDWebImage: fb387001955223213dde14bc08c8b73f371f8d8f
  SDWebImageWebPCoder: 947093edd1349d820c40afbd9f42acb6cdecd987
  YLProgressBar: 0c0796a6e9b5e5d5040d15c8911e802b67ccb939
  YYCache: 8105b6638f5e849296c71f331ff83891a4942952
  YYImage: 1e1b62a9997399593e4b9c4ecfbbabbf1d3f3b54
  YYText: 5c461d709e24d55a182d1441c41dc639a18a4849

PODFILE CHECKSUM: 45e8d258c244ba443e5462f6e939a9200d804384

COCOAPODS: 1.8.4
